
Microsoft Visual Studio Solution File, Format Version 12.00
# Visual Studio Version 17
VisualStudioVersion = 17.0.31903.59
MinimumVisualStudioVersion = 10.0.40219.1
Project("{FAE04EC0-301F-11D3-BF4B-00C04F79EFBC}") = "API", "API\API.csproj", "{D6544D7E-C005-4D6B-8968-7E112E9A4440}"
EndProject
Project("{FAE04EC0-301F-11D3-BF4B-00C04F79EFBC}") = "Persistance", "Persistance\Persistance.csproj", "{BD9B263F-6B97-4D53-88A0-9F06A77C827F}"
EndProject
Project("{FAE04EC0-301F-11D3-BF4B-00C04F79EFBC}") = "Domain", "Domain\Domain.csproj", "{B7ABF645-C84C-4A5C-A6AB-8AEF771673F9}"
EndProject
Global
	GlobalSection(SolutionConfigurationPlatforms) = preSolution
		Debug|Any CPU = Debug|Any CPU
		Release|Any CPU = Release|Any CPU
	EndGlobalSection
	GlobalSection(SolutionProperties) = preSolution
		HideSolutionNode = FALSE
	EndGlobalSection
	GlobalSection(ProjectConfigurationPlatforms) = postSolution
		{D6544D7E-C005-4D6B-8968-7E112E9A4440}.Debug|Any CPU.ActiveCfg = Debug|Any CPU
		{D6544D7E-C005-4D6B-8968-7E112E9A4440}.Debug|Any CPU.Build.0 = Debug|Any CPU
		{D6544D7E-C005-4D6B-8968-7E112E9A4440}.Release|Any CPU.ActiveCfg = Release|Any CPU
		{D6544D7E-C005-4D6B-8968-7E112E9A4440}.Release|Any CPU.Build.0 = Release|Any CPU
		{BD9B263F-6B97-4D53-88A0-9F06A77C827F}.Debug|Any CPU.ActiveCfg = Debug|Any CPU
		{BD9B263F-6B97-4D53-88A0-9F06A77C827F}.Debug|Any CPU.Build.0 = Debug|Any CPU
		{BD9B263F-6B97-4D53-88A0-9F06A77C827F}.Release|Any CPU.ActiveCfg = Release|Any CPU
		{BD9B263F-6B97-4D53-88A0-9F06A77C827F}.Release|Any CPU.Build.0 = Release|Any CPU
		{B7ABF645-C84C-4A5C-A6AB-8AEF771673F9}.Debug|Any CPU.ActiveCfg = Debug|Any CPU
		{B7ABF645-C84C-4A5C-A6AB-8AEF771673F9}.Debug|Any CPU.Build.0 = Debug|Any CPU
		{B7ABF645-C84C-4A5C-A6AB-8AEF771673F9}.Release|Any CPU.ActiveCfg = Release|Any CPU
		{B7ABF645-C84C-4A5C-A6AB-8AEF771673F9}.Release|Any CPU.Build.0 = Release|Any CPU
	EndGlobalSection
EndGlobal
